// !$*UTF8*$!
{
	archiveVersion = 1;
	classes = {
	};
	objectVersion = 46;
	objects = {

/* Begin PBXBuildFile section */
		820088931BE4C25E00D9CE83 /* VKSdkResources.bundle in Resources */ = {isa = PBXBuildFile; fileRef = 820088911BE4C25E00D9CE83 /* VKSdkResources.bundle */; };
		820088941BE4C34F00D9CE83 /* VKSdk.framework in Frameworks */ = {isa = PBXBuildFile; fileRef = 820088901BE4C25E00D9CE83 /* VKSdk.framework */; };
		8258B2C71BE4B2FF001685E1 /* ApiHelper.swift in Sources */ = {isa = PBXBuildFile; fileRef = 8258B2C61BE4B2FF001685E1 /* ApiHelper.swift */; };
		8258B2C91BE4B3F3001685E1 /* SocialNetworksAuthViewController.swift in Sources */ = {isa = PBXBuildFile; fileRef = 8258B2C81BE4B3F3001685E1 /* SocialNetworksAuthViewController.swift */; };
		920406881BE4B12500B5D337 /* AppDelegate.swift in Sources */ = {isa = PBXBuildFile; fileRef = 920406871BE4B12500B5D337 /* AppDelegate.swift */; };
		9204068A1BE4B12500B5D337 /* CalendarViewController.swift in Sources */ = {isa = PBXBuildFile; fileRef = 920406891BE4B12500B5D337 /* CalendarViewController.swift */; };
		9204068C1BE4B12500B5D337 /* FriendsViewController.swift in Sources */ = {isa = PBXBuildFile; fileRef = 9204068B1BE4B12500B5D337 /* FriendsViewController.swift */; };
		9204068F1BE4B12500B5D337 /* Main.storyboard in Resources */ = {isa = PBXBuildFile; fileRef = 9204068D1BE4B12500B5D337 /* Main.storyboard */; };
		920406911BE4B12500B5D337 /* Assets.xcassets in Resources */ = {isa = PBXBuildFile; fileRef = 920406901BE4B12500B5D337 /* Assets.xcassets */; };
		920406941BE4B12500B5D337 /* LaunchScreen.storyboard in Resources */ = {isa = PBXBuildFile; fileRef = 920406921BE4B12500B5D337 /* LaunchScreen.storyboard */; };
		920406A31BE4B33F00B5D337 /* AZTabBarController.swift in Sources */ = {isa = PBXBuildFile; fileRef = 920406A21BE4B33F00B5D337 /* AZTabBarController.swift */; };
		920406A81BE4B35100B5D337 /* UIView+AZViewFromNib.m in Sources */ = {isa = PBXBuildFile; fileRef = 920406A71BE4B35100B5D337 /* UIView+AZViewFromNib.m */; };
		920406AB1BE4B38000B5D337 /* BrieTabBarItem.swift in Sources */ = {isa = PBXBuildFile; fileRef = 920406AA1BE4B38000B5D337 /* BrieTabBarItem.swift */; };
		920406AD1BE4B38600B5D337 /* BrieTabBarItem.xib in Resources */ = {isa = PBXBuildFile; fileRef = 920406AC1BE4B38600B5D337 /* BrieTabBarItem.xib */; };
		92442D3B1BE4BD86005B29F0 /* Color.swift in Sources */ = {isa = PBXBuildFile; fileRef = 92442D3A1BE4BD86005B29F0 /* Color.swift */; };
		92442D411BE4BE7B005B29F0 /* BaseNavigationController.swift in Sources */ = {isa = PBXBuildFile; fileRef = 92442D401BE4BE7B005B29F0 /* BaseNavigationController.swift */; };
		92442D431BE4BF19005B29F0 /* Image.swift in Sources */ = {isa = PBXBuildFile; fileRef = 92442D421BE4BF19005B29F0 /* Image.swift */; };
		92442D4A1BE4C1D1005B29F0 /* UCRoundedView.m in Sources */ = {isa = PBXBuildFile; fileRef = 92442D491BE4C1D1005B29F0 /* UCRoundedView.m */; };
		92442D4E1BE4C2BB005B29F0 /* EventTableViewCell.swift in Sources */ = {isa = PBXBuildFile; fileRef = 92442D4D1BE4C2BB005B29F0 /* EventTableViewCell.swift */; };
		92F0A87D1BE4C5E200EFCBFD /* AddEventTableViewCell.swift in Sources */ = {isa = PBXBuildFile; fileRef = 92F0A87C1BE4C5E200EFCBFD /* AddEventTableViewCell.swift */; };
		92F0A8801BE4C72600EFCBFD /* BaseTableViewCell.swift in Sources */ = {isa = PBXBuildFile; fileRef = 92F0A87F1BE4C72600EFCBFD /* BaseTableViewCell.swift */; };
		92F0A8841BE4CBA900EFCBFD /* FrindEventTableViewCell.swift in Sources */ = {isa = PBXBuildFile; fileRef = 92F0A8831BE4CBA900EFCBFD /* FrindEventTableViewCell.swift */; };
		92F0A8871BE4D25D00EFCBFD /* FriendEventTimeHeaderFooterView.swift in Sources */ = {isa = PBXBuildFile; fileRef = 92F0A8861BE4D25D00EFCBFD /* FriendEventTimeHeaderFooterView.swift */; };
		92F0A88A1BE4DA6300EFCBFD /* EventViewController.swift in Sources */ = {isa = PBXBuildFile; fileRef = 92F0A8891BE4DA6300EFCBFD /* EventViewController.swift */; };
		92F0A88C1BE4DB8F00EFCBFD /* TAWindowShower.swift in Sources */ = {isa = PBXBuildFile; fileRef = 92F0A88B1BE4DB8F00EFCBFD /* TAWindowShower.swift */; };
		92F0A88F1BE4EE1300EFCBFD /* EventFieldTableViewCell.swift in Sources */ = {isa = PBXBuildFile; fileRef = 92F0A88E1BE4EE1300EFCBFD /* EventFieldTableViewCell.swift */; };
		92F0A8911BE4EE2300EFCBFD /* EventNameFieldTableViewCell.swift in Sources */ = {isa = PBXBuildFile; fileRef = 92F0A8901BE4EE2300EFCBFD /* EventNameFieldTableViewCell.swift */; };
		92F0A8A71BE4FE3100EFCBFD /* AbstractActionSheetPicker.m in Sources */ = {isa = PBXBuildFile; fileRef = 92F0A8941BE4FE3100EFCBFD /* AbstractActionSheetPicker.m */; };
		92F0A8A81BE4FE3100EFCBFD /* ActionSheetCustomPicker.m in Sources */ = {isa = PBXBuildFile; fileRef = 92F0A8961BE4FE3100EFCBFD /* ActionSheetCustomPicker.m */; };
		92F0A8A91BE4FE3100EFCBFD /* ActionSheetDatePicker.m in Sources */ = {isa = PBXBuildFile; fileRef = 92F0A8991BE4FE3100EFCBFD /* ActionSheetDatePicker.m */; };
		92F0A8AA1BE4FE3100EFCBFD /* ActionSheetDistancePicker.m in Sources */ = {isa = PBXBuildFile; fileRef = 92F0A89B1BE4FE3100EFCBFD /* ActionSheetDistancePicker.m */; };
		92F0A8AB1BE4FE3100EFCBFD /* ActionSheetLocalePicker.m in Sources */ = {isa = PBXBuildFile; fileRef = 92F0A89D1BE4FE3100EFCBFD /* ActionSheetLocalePicker.m */; };
		92F0A8AC1BE4FE3100EFCBFD /* ActionSheetMultipleStringPicker.m in Sources */ = {isa = PBXBuildFile; fileRef = 92F0A89F1BE4FE3100EFCBFD /* ActionSheetMultipleStringPicker.m */; };
		92F0A8AD1BE4FE3100EFCBFD /* ActionSheetStringPicker.m in Sources */ = {isa = PBXBuildFile; fileRef = 92F0A8A21BE4FE3100EFCBFD /* ActionSheetStringPicker.m */; };
		92F0A8AE1BE4FE3100EFCBFD /* DistancePickerView.m in Sources */ = {isa = PBXBuildFile; fileRef = 92F0A8A41BE4FE3100EFCBFD /* DistancePickerView.m */; };
		92F0A8AF1BE4FE3100EFCBFD /* SWActionSheet.m in Sources */ = {isa = PBXBuildFile; fileRef = 92F0A8A61BE4FE3100EFCBFD /* SWActionSheet.m */; };
		92F0A8B11BE5093A00EFCBFD /* CalendarType.swift in Sources */ = {isa = PBXBuildFile; fileRef = 92F0A8B01BE5093A00EFCBFD /* CalendarType.swift */; };
		92F0A8BE1BE514F600EFCBFD /* Location.swift in Sources */ = {isa = PBXBuildFile; fileRef = 92F0A8B91BE514F600EFCBFD /* Location.swift */; };
		92F0A8BF1BE514F600EFCBFD /* LocationPickerViewController.swift in Sources */ = {isa = PBXBuildFile; fileRef = 92F0A8BB1BE514F600EFCBFD /* LocationPickerViewController.swift */; };
		92F0A8C01BE514F600EFCBFD /* LocationSearchResultsViewController.swift in Sources */ = {isa = PBXBuildFile; fileRef = 92F0A8BC1BE514F600EFCBFD /* LocationSearchResultsViewController.swift */; };
		92F0A8C11BE514F600EFCBFD /* SearchHistoryManager.swift in Sources */ = {isa = PBXBuildFile; fileRef = 92F0A8BD1BE514F600EFCBFD /* SearchHistoryManager.swift */; };
		92F0A8C61BE51B3F00EFCBFD /* InfinityScrollDayItem.swift in Sources */ = {isa = PBXBuildFile; fileRef = 92F0A8C51BE51B3F00EFCBFD /* InfinityScrollDayItem.swift */; };
		92F0A8C81BE51B9100EFCBFD /* InfinityScrollDayItem.xib in Resources */ = {isa = PBXBuildFile; fileRef = 92F0A8C71BE51B9100EFCBFD /* InfinityScrollDayItem.xib */; };
		92F0A8CA1BE5221400EFCBFD /* DayCollectionViewCell.swift in Sources */ = {isa = PBXBuildFile; fileRef = 92F0A8C91BE5221400EFCBFD /* DayCollectionViewCell.swift */; };
		92F71DE51BE4BA9C0087E969 /* SettingsViewController.swift in Sources */ = {isa = PBXBuildFile; fileRef = 92F71DE41BE4BA9C0087E969 /* SettingsViewController.swift */; };
		D09FE76AF55C56DB42380CE8 /* Pods.framework in Frameworks */ = {isa = PBXBuildFile; fileRef = 80A2D25865876349312B2083 /* Pods.framework */; };
/* End PBXBuildFile section */

/* Begin PBXFileReference section */
		26EB6B92B1AD7C6ADE159BEC /* Pods.debug.xcconfig */ = {isa = PBXFileReference; includeInIndex = 1; lastKnownFileType = text.xcconfig; name = Pods.debug.xcconfig; path = "Pods/Target Support Files/Pods/Pods.debug.xcconfig"; sourceTree = "<group>"; };
		7951E9A9D4C5487622B98E88 /* Pods.release.xcconfig */ = {isa = PBXFileReference; includeInIndex = 1; lastKnownFileType = text.xcconfig; name = Pods.release.xcconfig; path = "Pods/Target Support Files/Pods/Pods.release.xcconfig"; sourceTree = "<group>"; };
		80A2D25865876349312B2083 /* Pods.framework */ = {isa = PBXFileReference; explicitFileType = wrapper.framework; includeInIndex = 0; path = Pods.framework; sourceTree = BUILT_PRODUCTS_DIR; };
		820088901BE4C25E00D9CE83 /* VKSdk.framework */ = {isa = PBXFileReference; lastKnownFileType = wrapper.framework; name = VKSdk.framework; path = "vk-ios-sdk-master/VKSdk.framework"; sourceTree = "<group>"; };
		820088911BE4C25E00D9CE83 /* VKSdkResources.bundle */ = {isa = PBXFileReference; lastKnownFileType = "wrapper.plug-in"; name = VKSdkResources.bundle; path = "vk-ios-sdk-master/VKSdkResources.bundle"; sourceTree = "<group>"; };
		8258B2C61BE4B2FF001685E1 /* ApiHelper.swift */ = {isa = PBXFileReference; fileEncoding = 4; lastKnownFileType = sourcecode.swift; path = ApiHelper.swift; sourceTree = "<group>"; };
		8258B2C81BE4B3F3001685E1 /* SocialNetworksAuthViewController.swift */ = {isa = PBXFileReference; fileEncoding = 4; lastKnownFileType = sourcecode.swift; path = SocialNetworksAuthViewController.swift; sourceTree = "<group>"; };
		920406841BE4B12500B5D337 /* Brie.app */ = {isa = PBXFileReference; explicitFileType = wrapper.application; includeInIndex = 0; path = Brie.app; sourceTree = BUILT_PRODUCTS_DIR; };
		920406871BE4B12500B5D337 /* AppDelegate.swift */ = {isa = PBXFileReference; lastKnownFileType = sourcecode.swift; path = AppDelegate.swift; sourceTree = "<group>"; };
		920406891BE4B12500B5D337 /* CalendarViewController.swift */ = {isa = PBXFileReference; lastKnownFileType = sourcecode.swift; path = CalendarViewController.swift; sourceTree = "<group>"; };
		9204068B1BE4B12500B5D337 /* FriendsViewController.swift */ = {isa = PBXFileReference; lastKnownFileType = sourcecode.swift; path = FriendsViewController.swift; sourceTree = "<group>"; };
		9204068E1BE4B12500B5D337 /* Base */ = {isa = PBXFileReference; lastKnownFileType = file.storyboard; name = Base; path = Base.lproj/Main.storyboard; sourceTree = "<group>"; };
		920406901BE4B12500B5D337 /* Assets.xcassets */ = {isa = PBXFileReference; lastKnownFileType = folder.assetcatalog; path = Assets.xcassets; sourceTree = "<group>"; };
		920406931BE4B12500B5D337 /* Base */ = {isa = PBXFileReference; lastKnownFileType = file.storyboard; name = Base; path = Base.lproj/LaunchScreen.storyboard; sourceTree = "<group>"; };
		920406951BE4B12500B5D337 /* Info.plist */ = {isa = PBXFileReference; lastKnownFileType = text.plist.xml; path = Info.plist; sourceTree = "<group>"; };
		920406A21BE4B33F00B5D337 /* AZTabBarController.swift */ = {isa = PBXFileReference; fileEncoding = 4; lastKnownFileType = sourcecode.swift; path = AZTabBarController.swift; sourceTree = "<group>"; };
		920406A51BE4B35000B5D337 /* Brie-Bridging-Header.h */ = {isa = PBXFileReference; lastKnownFileType = sourcecode.c.h; path = "Brie-Bridging-Header.h"; sourceTree = "<group>"; };
		920406A61BE4B35100B5D337 /* UIView+AZViewFromNib.h */ = {isa = PBXFileReference; fileEncoding = 4; lastKnownFileType = sourcecode.c.h; path = "UIView+AZViewFromNib.h"; sourceTree = "<group>"; };
		920406A71BE4B35100B5D337 /* UIView+AZViewFromNib.m */ = {isa = PBXFileReference; fileEncoding = 4; lastKnownFileType = sourcecode.c.objc; path = "UIView+AZViewFromNib.m"; sourceTree = "<group>"; };
		920406AA1BE4B38000B5D337 /* BrieTabBarItem.swift */ = {isa = PBXFileReference; fileEncoding = 4; lastKnownFileType = sourcecode.swift; path = BrieTabBarItem.swift; sourceTree = "<group>"; };
		920406AC1BE4B38600B5D337 /* BrieTabBarItem.xib */ = {isa = PBXFileReference; fileEncoding = 4; lastKnownFileType = file.xib; path = BrieTabBarItem.xib; sourceTree = "<group>"; };
		92442D3A1BE4BD86005B29F0 /* Color.swift */ = {isa = PBXFileReference; fileEncoding = 4; lastKnownFileType = sourcecode.swift; path = Color.swift; sourceTree = "<group>"; };
		92442D401BE4BE7B005B29F0 /* BaseNavigationController.swift */ = {isa = PBXFileReference; fileEncoding = 4; lastKnownFileType = sourcecode.swift; path = BaseNavigationController.swift; sourceTree = "<group>"; };
		92442D421BE4BF19005B29F0 /* Image.swift */ = {isa = PBXFileReference; fileEncoding = 4; lastKnownFileType = sourcecode.swift; path = Image.swift; sourceTree = "<group>"; };
		92442D481BE4C1D1005B29F0 /* UCRoundedView.h */ = {isa = PBXFileReference; fileEncoding = 4; lastKnownFileType = sourcecode.c.h; path = UCRoundedView.h; sourceTree = "<group>"; };
		92442D491BE4C1D1005B29F0 /* UCRoundedView.m */ = {isa = PBXFileReference; fileEncoding = 4; lastKnownFileType = sourcecode.c.objc; path = UCRoundedView.m; sourceTree = "<group>"; };
		92442D4D1BE4C2BB005B29F0 /* EventTableViewCell.swift */ = {isa = PBXFileReference; fileEncoding = 4; lastKnownFileType = sourcecode.swift; path = EventTableViewCell.swift; sourceTree = "<group>"; };
		92F0A87C1BE4C5E200EFCBFD /* AddEventTableViewCell.swift */ = {isa = PBXFileReference; fileEncoding = 4; lastKnownFileType = sourcecode.swift; path = AddEventTableViewCell.swift; sourceTree = "<group>"; };
		92F0A87F1BE4C72600EFCBFD /* BaseTableViewCell.swift */ = {isa = PBXFileReference; fileEncoding = 4; lastKnownFileType = sourcecode.swift; path = BaseTableViewCell.swift; sourceTree = "<group>"; };
		92F0A8831BE4CBA900EFCBFD /* FrindEventTableViewCell.swift */ = {isa = PBXFileReference; fileEncoding = 4; lastKnownFileType = sourcecode.swift; path = FrindEventTableViewCell.swift; sourceTree = "<group>"; };
		92F0A8861BE4D25D00EFCBFD /* FriendEventTimeHeaderFooterView.swift */ = {isa = PBXFileReference; fileEncoding = 4; lastKnownFileType = sourcecode.swift; path = FriendEventTimeHeaderFooterView.swift; sourceTree = "<group>"; };
		92F0A8891BE4DA6300EFCBFD /* EventViewController.swift */ = {isa = PBXFileReference; fileEncoding = 4; lastKnownFileType = sourcecode.swift; path = EventViewController.swift; sourceTree = "<group>"; };
		92F0A88B1BE4DB8F00EFCBFD /* TAWindowShower.swift */ = {isa = PBXFileReference; fileEncoding = 4; lastKnownFileType = sourcecode.swift; path = TAWindowShower.swift; sourceTree = "<group>"; };
		92F0A88E1BE4EE1300EFCBFD /* EventFieldTableViewCell.swift */ = {isa = PBXFileReference; fileEncoding = 4; lastKnownFileType = sourcecode.swift; path = EventFieldTableViewCell.swift; sourceTree = "<group>"; };
		92F0A8901BE4EE2300EFCBFD /* EventNameFieldTableViewCell.swift */ = {isa = PBXFileReference; fileEncoding = 4; lastKnownFileType = sourcecode.swift; path = EventNameFieldTableViewCell.swift; sourceTree = "<group>"; };
		92F0A8931BE4FE3100EFCBFD /* AbstractActionSheetPicker.h */ = {isa = PBXFileReference; fileEncoding = 4; lastKnownFileType = sourcecode.c.h; path = AbstractActionSheetPicker.h; sourceTree = "<group>"; };
		92F0A8941BE4FE3100EFCBFD /* AbstractActionSheetPicker.m */ = {isa = PBXFileReference; fileEncoding = 4; lastKnownFileType = sourcecode.c.objc; path = AbstractActionSheetPicker.m; sourceTree = "<group>"; };
		92F0A8951BE4FE3100EFCBFD /* ActionSheetCustomPicker.h */ = {isa = PBXFileReference; fileEncoding = 4; lastKnownFileType = sourcecode.c.h; path = ActionSheetCustomPicker.h; sourceTree = "<group>"; };
		92F0A8961BE4FE3100EFCBFD /* ActionSheetCustomPicker.m */ = {isa = PBXFileReference; fileEncoding = 4; lastKnownFileType = sourcecode.c.objc; path = ActionSheetCustomPicker.m; sourceTree = "<group>"; };
		92F0A8971BE4FE3100EFCBFD /* ActionSheetCustomPickerDelegate.h */ = {isa = PBXFileReference; fileEncoding = 4; lastKnownFileType = sourcecode.c.h; path = ActionSheetCustomPickerDelegate.h; sourceTree = "<group>"; };
		92F0A8981BE4FE3100EFCBFD /* ActionSheetDatePicker.h */ = {isa = PBXFileReference; fileEncoding = 4; lastKnownFileType = sourcecode.c.h; path = ActionSheetDatePicker.h; sourceTree = "<group>"; };
		92F0A8991BE4FE3100EFCBFD /* ActionSheetDatePicker.m */ = {isa = PBXFileReference; fileEncoding = 4; lastKnownFileType = sourcecode.c.objc; path = ActionSheetDatePicker.m; sourceTree = "<group>"; };
		92F0A89A1BE4FE3100EFCBFD /* ActionSheetDistancePicker.h */ = {isa = PBXFileReference; fileEncoding = 4; lastKnownFileType = sourcecode.c.h; path = ActionSheetDistancePicker.h; sourceTree = "<group>"; };
		92F0A89B1BE4FE3100EFCBFD /* ActionSheetDistancePicker.m */ = {isa = PBXFileReference; fileEncoding = 4; lastKnownFileType = sourcecode.c.objc; path = ActionSheetDistancePicker.m; sourceTree = "<group>"; };
		92F0A89C1BE4FE3100EFCBFD /* ActionSheetLocalePicker.h */ = {isa = PBXFileReference; fileEncoding = 4; lastKnownFileType = sourcecode.c.h; path = ActionSheetLocalePicker.h; sourceTree = "<group>"; };
		92F0A89D1BE4FE3100EFCBFD /* ActionSheetLocalePicker.m */ = {isa = PBXFileReference; fileEncoding = 4; lastKnownFileType = sourcecode.c.objc; path = ActionSheetLocalePicker.m; sourceTree = "<group>"; };
		92F0A89E1BE4FE3100EFCBFD /* ActionSheetMultipleStringPicker.h */ = {isa = PBXFileReference; fileEncoding = 4; lastKnownFileType = sourcecode.c.h; path = ActionSheetMultipleStringPicker.h; sourceTree = "<group>"; };
		92F0A89F1BE4FE3100EFCBFD /* ActionSheetMultipleStringPicker.m */ = {isa = PBXFileReference; fileEncoding = 4; lastKnownFileType = sourcecode.c.objc; path = ActionSheetMultipleStringPicker.m; sourceTree = "<group>"; };
		92F0A8A01BE4FE3100EFCBFD /* ActionSheetPicker.h */ = {isa = PBXFileReference; fileEncoding = 4; lastKnownFileType = sourcecode.c.h; path = ActionSheetPicker.h; sourceTree = "<group>"; };
		92F0A8A11BE4FE3100EFCBFD /* ActionSheetStringPicker.h */ = {isa = PBXFileReference; fileEncoding = 4; lastKnownFileType = sourcecode.c.h; path = ActionSheetStringPicker.h; sourceTree = "<group>"; };
		92F0A8A21BE4FE3100EFCBFD /* ActionSheetStringPicker.m */ = {isa = PBXFileReference; fileEncoding = 4; lastKnownFileType = sourcecode.c.objc; path = ActionSheetStringPicker.m; sourceTree = "<group>"; };
		92F0A8A31BE4FE3100EFCBFD /* DistancePickerView.h */ = {isa = PBXFileReference; fileEncoding = 4; lastKnownFileType = sourcecode.c.h; path = DistancePickerView.h; sourceTree = "<group>"; };
		92F0A8A41BE4FE3100EFCBFD /* DistancePickerView.m */ = {isa = PBXFileReference; fileEncoding = 4; lastKnownFileType = sourcecode.c.objc; path = DistancePickerView.m; sourceTree = "<group>"; };
		92F0A8A51BE4FE3100EFCBFD /* SWActionSheet.h */ = {isa = PBXFileReference; fileEncoding = 4; lastKnownFileType = sourcecode.c.h; path = SWActionSheet.h; sourceTree = "<group>"; };
		92F0A8A61BE4FE3100EFCBFD /* SWActionSheet.m */ = {isa = PBXFileReference; fileEncoding = 4; lastKnownFileType = sourcecode.c.objc; path = SWActionSheet.m; sourceTree = "<group>"; };
		92F0A8B01BE5093A00EFCBFD /* CalendarType.swift */ = {isa = PBXFileReference; fileEncoding = 4; lastKnownFileType = sourcecode.swift; path = CalendarType.swift; sourceTree = "<group>"; };
		92F0A8B91BE514F600EFCBFD /* Location.swift */ = {isa = PBXFileReference; fileEncoding = 4; lastKnownFileType = sourcecode.swift; path = Location.swift; sourceTree = "<group>"; };
		92F0A8BA1BE514F600EFCBFD /* LocationPicker.h */ = {isa = PBXFileReference; fileEncoding = 4; lastKnownFileType = sourcecode.c.h; path = LocationPicker.h; sourceTree = "<group>"; };
		92F0A8BB1BE514F600EFCBFD /* LocationPickerViewController.swift */ = {isa = PBXFileReference; fileEncoding = 4; lastKnownFileType = sourcecode.swift; path = LocationPickerViewController.swift; sourceTree = "<group>"; };
		92F0A8BC1BE514F600EFCBFD /* LocationSearchResultsViewController.swift */ = {isa = PBXFileReference; fileEncoding = 4; lastKnownFileType = sourcecode.swift; path = LocationSearchResultsViewController.swift; sourceTree = "<group>"; };
		92F0A8BD1BE514F600EFCBFD /* SearchHistoryManager.swift */ = {isa = PBXFileReference; fileEncoding = 4; lastKnownFileType = sourcecode.swift; path = SearchHistoryManager.swift; sourceTree = "<group>"; };
		92F0A8C51BE51B3F00EFCBFD /* InfinityScrollDayItem.swift */ = {isa = PBXFileReference; fileEncoding = 4; lastKnownFileType = sourcecode.swift; path = InfinityScrollDayItem.swift; sourceTree = "<group>"; };
		92F0A8C71BE51B9100EFCBFD /* InfinityScrollDayItem.xib */ = {isa = PBXFileReference; fileEncoding = 4; lastKnownFileType = file.xib; path = InfinityScrollDayItem.xib; sourceTree = "<group>"; };
		92F0A8C91BE5221400EFCBFD /* DayCollectionViewCell.swift */ = {isa = PBXFileReference; fileEncoding = 4; lastKnownFileType = sourcecode.swift; path = DayCollectionViewCell.swift; sourceTree = "<group>"; };
		92F71DE41BE4BA9C0087E969 /* SettingsViewController.swift */ = {isa = PBXFileReference; fileEncoding = 4; lastKnownFileType = sourcecode.swift; path = SettingsViewController.swift; sourceTree = "<group>"; };
/* End PBXFileReference section */

/* Begin PBXFrameworksBuildPhase section */
		920406811BE4B12500B5D337 /* Frameworks */ = {
			isa = PBXFrameworksBuildPhase;
			buildActionMask = 2147483647;
			files = (
				820088941BE4C34F00D9CE83 /* VKSdk.framework in Frameworks */,
				D09FE76AF55C56DB42380CE8 /* Pods.framework in Frameworks */,
			);
			runOnlyForDeploymentPostprocessing = 0;
		};
/* End PBXFrameworksBuildPhase section */

/* Begin PBXGroup section */
		9204067B1BE4B12500B5D337 = {
			isa = PBXGroup;
			children = (
				920406861BE4B12500B5D337 /* Sources */,
				9204069C1BE4B1A700B5D337 /* Resources */,
				920406851BE4B12500B5D337 /* Products */,
				9B1EEC5943F295A0F71C6CAD /* Pods */,
				B61DAC291226B5E117793F5B /* Frameworks */,
			);
			sourceTree = "<group>";
		};
		920406851BE4B12500B5D337 /* Products */ = {
			isa = PBXGroup;
			children = (
				920406841BE4B12500B5D337 /* Brie.app */,
			);
			name = Products;
			sourceTree = "<group>";
		};
		920406861BE4B12500B5D337 /* Sources */ = {
			isa = PBXGroup;
			children = (
				9204068D1BE4B12500B5D337 /* Main.storyboard */,
				920406871BE4B12500B5D337 /* AppDelegate.swift */,
				8258B2C61BE4B2FF001685E1 /* ApiHelper.swift */,
				92F0A8C31BE519C800EFCBFD /* Model */,
				9204069D1BE4B2D200B5D337 /* Common */,
				920406A01BE4B2FF00B5D337 /* View */,
				9204069B1BE4B19C00B5D337 /* ViewControllers */,
			);
			name = Sources;
			path = Brie;
			sourceTree = "<group>";
		};
		9204069B1BE4B19C00B5D337 /* ViewControllers */ = {
			isa = PBXGroup;
			children = (
				92442D441BE4C068005B29F0 /* CalendarTab */,
				92442D451BE4C06F005B29F0 /* FrinedsTab */,
				92442D461BE4C074005B29F0 /* SettingsTab */,
				8258B2C81BE4B3F3001685E1 /* SocialNetworksAuthViewController.swift */,
			);
			name = ViewControllers;
			sourceTree = "<group>";
		};
		9204069C1BE4B1A700B5D337 /* Resources */ = {
			isa = PBXGroup;
			children = (
				820088901BE4C25E00D9CE83 /* VKSdk.framework */,
				820088911BE4C25E00D9CE83 /* VKSdkResources.bundle */,
				920406A51BE4B35000B5D337 /* Brie-Bridging-Header.h */,
				920406901BE4B12500B5D337 /* Assets.xcassets */,
				920406921BE4B12500B5D337 /* LaunchScreen.storyboard */,
				920406951BE4B12500B5D337 /* Info.plist */,
			);
			name = Resources;
			path = Brie;
			sourceTree = "<group>";
		};
		9204069D1BE4B2D200B5D337 /* Common */ = {
			isa = PBXGroup;
			children = (
				92F0A87E1BE4C71D00EFCBFD /* Base */,
				9204069F1BE4B2E700B5D337 /* Entension */,
				9204069E1BE4B2DF00B5D337 /* Classes */,
			);
			name = Common;
			sourceTree = "<group>";
		};
		9204069E1BE4B2DF00B5D337 /* Classes */ = {
			isa = PBXGroup;
			children = (
				92F0A88B1BE4DB8F00EFCBFD /* TAWindowShower.swift */,
				92F0A8B01BE5093A00EFCBFD /* CalendarType.swift */,
			);
			name = Classes;
			sourceTree = "<group>";
		};
		9204069F1BE4B2E700B5D337 /* Entension */ = {
			isa = PBXGroup;
			children = (
				92442D421BE4BF19005B29F0 /* Image.swift */,
				92442D471BE4C1C1005B29F0 /* RoundView */,
				920406A41BE4B34700B5D337 /* UIViewHelpers */,
				92442D3A1BE4BD86005B29F0 /* Color.swift */,
			);
			name = Entension;
			sourceTree = "<group>";
		};
		920406A01BE4B2FF00B5D337 /* View */ = {
			isa = PBXGroup;
			children = (
				92F0A8C41BE51B3600EFCBFD /* InfinityScrollDayItem */,
				920406A91BE4B36B00B5D337 /* TabBarItem */,
				920406A11BE4B33800B5D337 /* TabBar */,
			);
			name = View;
			sourceTree = "<group>";
		};
		920406A11BE4B33800B5D337 /* TabBar */ = {
			isa = PBXGroup;
			children = (
				920406A21BE4B33F00B5D337 /* AZTabBarController.swift */,
			);
			name = TabBar;
			sourceTree = "<group>";
		};
		920406A41BE4B34700B5D337 /* UIViewHelpers */ = {
			isa = PBXGroup;
			children = (
				920406A61BE4B35100B5D337 /* UIView+AZViewFromNib.h */,
				920406A71BE4B35100B5D337 /* UIView+AZViewFromNib.m */,
			);
			name = UIViewHelpers;
			sourceTree = "<group>";
		};
		920406A91BE4B36B00B5D337 /* TabBarItem */ = {
			isa = PBXGroup;
			children = (
				920406AA1BE4B38000B5D337 /* BrieTabBarItem.swift */,
				920406AC1BE4B38600B5D337 /* BrieTabBarItem.xib */,
			);
			name = TabBarItem;
			sourceTree = "<group>";
		};
		92442D441BE4C068005B29F0 /* CalendarTab */ = {
			isa = PBXGroup;
			children = (
				92F0A8881BE4DA5300EFCBFD /* Event */,
				92442D4B1BE4C2A7005B29F0 /* Calendar */,
			);
			name = CalendarTab;
			sourceTree = "<group>";
		};
		92442D451BE4C06F005B29F0 /* FrinedsTab */ = {
			isa = PBXGroup;
			children = (
				92F0A8811BE4CB5600EFCBFD /* FirendsEvents */,
			);
			name = FrinedsTab;
			sourceTree = "<group>";
		};
		92442D461BE4C074005B29F0 /* SettingsTab */ = {
			isa = PBXGroup;
			children = (
				92F71DE41BE4BA9C0087E969 /* SettingsViewController.swift */,
			);
			name = SettingsTab;
			sourceTree = "<group>";
		};
		92442D471BE4C1C1005B29F0 /* RoundView */ = {
			isa = PBXGroup;
			children = (
				92442D481BE4C1D1005B29F0 /* UCRoundedView.h */,
				92442D491BE4C1D1005B29F0 /* UCRoundedView.m */,
			);
			name = RoundView;
			sourceTree = "<group>";
		};
		92442D4B1BE4C2A7005B29F0 /* Calendar */ = {
			isa = PBXGroup;
			children = (
				92442D4C1BE4C2AE005B29F0 /* Cell */,
				920406891BE4B12500B5D337 /* CalendarViewController.swift */,
			);
			name = Calendar;
			sourceTree = "<group>";
		};
		92442D4C1BE4C2AE005B29F0 /* Cell */ = {
			isa = PBXGroup;
			children = (
				92442D4D1BE4C2BB005B29F0 /* EventTableViewCell.swift */,
				92F0A87C1BE4C5E200EFCBFD /* AddEventTableViewCell.swift */,
				92F0A8C91BE5221400EFCBFD /* DayCollectionViewCell.swift */,
			);
			name = Cell;
			sourceTree = "<group>";
		};
		92F0A87E1BE4C71D00EFCBFD /* Base */ = {
			isa = PBXGroup;
			children = (
				92442D401BE4BE7B005B29F0 /* BaseNavigationController.swift */,
				92F0A87F1BE4C72600EFCBFD /* BaseTableViewCell.swift */,
			);
			name = Base;
			sourceTree = "<group>";
		};
		92F0A8811BE4CB5600EFCBFD /* FirendsEvents */ = {
			isa = PBXGroup;
			children = (
				92F0A8851BE4D1F000EFCBFD /* Header */,
				92F0A8821BE4CB6400EFCBFD /* Cell */,
				9204068B1BE4B12500B5D337 /* FriendsViewController.swift */,
			);
			name = FirendsEvents;
			sourceTree = "<group>";
		};
		92F0A8821BE4CB6400EFCBFD /* Cell */ = {
			isa = PBXGroup;
			children = (
				92F0A8831BE4CBA900EFCBFD /* FrindEventTableViewCell.swift */,
			);
			name = Cell;
			sourceTree = "<group>";
		};
		92F0A8851BE4D1F000EFCBFD /* Header */ = {
			isa = PBXGroup;
			children = (
				92F0A8861BE4D25D00EFCBFD /* FriendEventTimeHeaderFooterView.swift */,
			);
			name = Header;
			sourceTree = "<group>";
		};
		92F0A8881BE4DA5300EFCBFD /* Event */ = {
			isa = PBXGroup;
			children = (
				92F0A88D1BE4EDF800EFCBFD /* Cell */,
				92F0A8891BE4DA6300EFCBFD /* EventViewController.swift */,
			);
			name = Event;
			sourceTree = "<group>";
		};
		92F0A88D1BE4EDF800EFCBFD /* Cell */ = {
			isa = PBXGroup;
			children = (
				92F0A88E1BE4EE1300EFCBFD /* EventFieldTableViewCell.swift */,
				92F0A8901BE4EE2300EFCBFD /* EventNameFieldTableViewCell.swift */,
			);
			name = Cell;
			sourceTree = "<group>";
		};
		92F0A8921BE4FE3100EFCBFD /* Pickers */ = {
			isa = PBXGroup;
			children = (
				92F0A8931BE4FE3100EFCBFD /* AbstractActionSheetPicker.h */,
				92F0A8941BE4FE3100EFCBFD /* AbstractActionSheetPicker.m */,
				92F0A8951BE4FE3100EFCBFD /* ActionSheetCustomPicker.h */,
				92F0A8961BE4FE3100EFCBFD /* ActionSheetCustomPicker.m */,
				92F0A8971BE4FE3100EFCBFD /* ActionSheetCustomPickerDelegate.h */,
				92F0A8981BE4FE3100EFCBFD /* ActionSheetDatePicker.h */,
				92F0A8991BE4FE3100EFCBFD /* ActionSheetDatePicker.m */,
				92F0A89A1BE4FE3100EFCBFD /* ActionSheetDistancePicker.h */,
				92F0A89B1BE4FE3100EFCBFD /* ActionSheetDistancePicker.m */,
				92F0A89C1BE4FE3100EFCBFD /* ActionSheetLocalePicker.h */,
				92F0A89D1BE4FE3100EFCBFD /* ActionSheetLocalePicker.m */,
				92F0A89E1BE4FE3100EFCBFD /* ActionSheetMultipleStringPicker.h */,
				92F0A89F1BE4FE3100EFCBFD /* ActionSheetMultipleStringPicker.m */,
				92F0A8A01BE4FE3100EFCBFD /* ActionSheetPicker.h */,
				92F0A8A11BE4FE3100EFCBFD /* ActionSheetStringPicker.h */,
				92F0A8A21BE4FE3100EFCBFD /* ActionSheetStringPicker.m */,
				92F0A8A31BE4FE3100EFCBFD /* DistancePickerView.h */,
				92F0A8A41BE4FE3100EFCBFD /* DistancePickerView.m */,
				92F0A8A51BE4FE3100EFCBFD /* SWActionSheet.h */,
				92F0A8A61BE4FE3100EFCBFD /* SWActionSheet.m */,
			);
			path = Pickers;
			sourceTree = "<group>";
		};
		92F0A8C21BE514FA00EFCBFD /* LocationPicker */ = {
			isa = PBXGroup;
			children = (
				92F0A8B91BE514F600EFCBFD /* Location.swift */,
				92F0A8BA1BE514F600EFCBFD /* LocationPicker.h */,
				92F0A8BB1BE514F600EFCBFD /* LocationPickerViewController.swift */,
				92F0A8BC1BE514F600EFCBFD /* LocationSearchResultsViewController.swift */,
				92F0A8BD1BE514F600EFCBFD /* SearchHistoryManager.swift */,
			);
			name = LocationPicker;
			sourceTree = "<group>";
		};
		92F0A8C31BE519C800EFCBFD /* Model */ = {
			isa = PBXGroup;
			children = (
			);
			name = Model;
			sourceTree = "<group>";
		};
		92F0A8C41BE51B3600EFCBFD /* InfinityScrollDayItem */ = {
			isa = PBXGroup;
			children = (
				92F0A8C51BE51B3F00EFCBFD /* InfinityScrollDayItem.swift */,
				92F0A8C71BE51B9100EFCBFD /* InfinityScrollDayItem.xib */,
			);
			name = InfinityScrollDayItem;
			sourceTree = "<group>";
		};
		9B1EEC5943F295A0F71C6CAD /* Pods */ = {
			isa = PBXGroup;
			children = (
				26EB6B92B1AD7C6ADE159BEC /* Pods.debug.xcconfig */,
				7951E9A9D4C5487622B98E88 /* Pods.release.xcconfig */,
			);
			name = Pods;
			sourceTree = "<group>";
		};
		B61DAC291226B5E117793F5B /* Frameworks */ = {
			isa = PBXGroup;
			children = (
				92F0A8C21BE514FA00EFCBFD /* LocationPicker */,
				92F0A8921BE4FE3100EFCBFD /* Pickers */,
				80A2D25865876349312B2083 /* Pods.framework */,
			);
			name = Frameworks;
			sourceTree = "<group>";
		};
/* End PBXGroup section */

/* Begin PBXNativeTarget section */
		920406831BE4B12500B5D337 /* Brie */ = {
			isa = PBXNativeTarget;
			buildConfigurationList = 920406981BE4B12500B5D337 /* Build configuration list for PBXNativeTarget "Brie" */;
			buildPhases = (
				55476AD1FCEAAAC327DC3FAE /* Check Pods Manifest.lock */,
				920406801BE4B12500B5D337 /* Sources */,
				920406811BE4B12500B5D337 /* Frameworks */,
				920406821BE4B12500B5D337 /* Resources */,
				42CDA68215AFADB065896ACF /* Embed Pods Frameworks */,
				90A8505A7B5B1370340B4DF4 /* Copy Pods Resources */,
			);
			buildRules = (
			);
			dependencies = (
			);
			name = Brie;
			productName = Brie;
			productReference = 920406841BE4B12500B5D337 /* Brie.app */;
			productType = "com.apple.product-type.application";
		};
/* End PBXNativeTarget section */

/* Begin PBXProject section */
		9204067C1BE4B12500B5D337 /* Project object */ = {
			isa = PBXProject;
			attributes = {
				LastSwiftUpdateCheck = 0710;
				LastUpgradeCheck = 0710;
				ORGANIZATIONNAME = "700 km";
				TargetAttributes = {
					920406831BE4B12500B5D337 = {
						CreatedOnToolsVersion = 7.1;
					};
				};
			};
			buildConfigurationList = 9204067F1BE4B12500B5D337 /* Build configuration list for PBXProject "Brie" */;
			compatibilityVersion = "Xcode 3.2";
			developmentRegion = English;
			hasScannedForEncodings = 0;
			knownRegions = (
				en,
				Base,
			);
			mainGroup = 9204067B1BE4B12500B5D337;
			productRefGroup = 920406851BE4B12500B5D337 /* Products */;
			projectDirPath = "";
			projectRoot = "";
			targets = (
				920406831BE4B12500B5D337 /* Brie */,
			);
		};
/* End PBXProject section */

/* Begin PBXResourcesBuildPhase section */
		920406821BE4B12500B5D337 /* Resources */ = {
			isa = PBXResourcesBuildPhase;
			buildActionMask = 2147483647;
			files = (
				92F0A8C81BE51B9100EFCBFD /* InfinityScrollDayItem.xib in Resources */,
				920406941BE4B12500B5D337 /* LaunchScreen.storyboard in Resources */,
				820088931BE4C25E00D9CE83 /* VKSdkResources.bundle in Resources */,
				920406911BE4B12500B5D337 /* Assets.xcassets in Resources */,
				9204068F1BE4B12500B5D337 /* Main.storyboard in Resources */,
				920406AD1BE4B38600B5D337 /* BrieTabBarItem.xib in Resources */,
			);
			runOnlyForDeploymentPostprocessing = 0;
		};
/* End PBXResourcesBuildPhase section */

/* Begin PBXShellScriptBuildPhase section */
		42CDA68215AFADB065896ACF /* Embed Pods Frameworks */ = {
			isa = PBXShellScriptBuildPhase;
			buildActionMask = 2147483647;
			files = (
			);
			inputPaths = (
			);
			name = "Embed Pods Frameworks";
			outputPaths = (
			);
			runOnlyForDeploymentPostprocessing = 0;
			shellPath = /bin/sh;
			shellScript = "\"${SRCROOT}/Pods/Target Support Files/Pods/Pods-frameworks.sh\"\n";
			showEnvVarsInLog = 0;
		};
		55476AD1FCEAAAC327DC3FAE /* Check Pods Manifest.lock */ = {
			isa = PBXShellScriptBuildPhase;
			buildActionMask = 2147483647;
			files = (
			);
			inputPaths = (
			);
			name = "Check Pods Manifest.lock";
			outputPaths = (
			);
			runOnlyForDeploymentPostprocessing = 0;
			shellPath = /bin/sh;
			shellScript = "diff \"${PODS_ROOT}/../Podfile.lock\" \"${PODS_ROOT}/Manifest.lock\" > /dev/null\nif [[ $? != 0 ]] ; then\n    cat << EOM\nerror: The sandbox is not in sync with the Podfile.lock. Run 'pod install' or update your CocoaPods installation.\nEOM\n    exit 1\nfi\n";
			showEnvVarsInLog = 0;
		};
		90A8505A7B5B1370340B4DF4 /* Copy Pods Resources */ = {
			isa = PBXShellScriptBuildPhase;
			buildActionMask = 2147483647;
			files = (
			);
			inputPaths = (
			);
			name = "Copy Pods Resources";
			outputPaths = (
			);
			runOnlyForDeploymentPostprocessing = 0;
			shellPath = /bin/sh;
			shellScript = "\"${SRCROOT}/Pods/Target Support Files/Pods/Pods-resources.sh\"\n";
			showEnvVarsInLog = 0;
		};
/* End PBXShellScriptBuildPhase section */

/* Begin PBXSourcesBuildPhase section */
		920406801BE4B12500B5D337 /* Sources */ = {
			isa = PBXSourcesBuildPhase;
			buildActionMask = 2147483647;
			files = (
				92F0A8AC1BE4FE3100EFCBFD /* ActionSheetMultipleStringPicker.m in Sources */,
				92F0A8BE1BE514F600EFCBFD /* Location.swift in Sources */,
				92F0A8801BE4C72600EFCBFD /* BaseTableViewCell.swift in Sources */,
				92F0A8BF1BE514F600EFCBFD /* LocationPickerViewController.swift in Sources */,
				92F0A8C11BE514F600EFCBFD /* SearchHistoryManager.swift in Sources */,
				92F0A8A91BE4FE3100EFCBFD /* ActionSheetDatePicker.m in Sources */,
				8258B2C71BE4B2FF001685E1 /* ApiHelper.swift in Sources */,
				92F0A8CA1BE5221400EFCBFD /* DayCollectionViewCell.swift in Sources */,
				92442D431BE4BF19005B29F0 /* Image.swift in Sources */,
				92F0A87D1BE4C5E200EFCBFD /* AddEventTableViewCell.swift in Sources */,
				920406AB1BE4B38000B5D337 /* BrieTabBarItem.swift in Sources */,
				92F0A8AB1BE4FE3100EFCBFD /* ActionSheetLocalePicker.m in Sources */,
				92F0A88A1BE4DA6300EFCBFD /* EventViewController.swift in Sources */,
				92F0A8B11BE5093A00EFCBFD /* CalendarType.swift in Sources */,
				920406A81BE4B35100B5D337 /* UIView+AZViewFromNib.m in Sources */,
				92442D4E1BE4C2BB005B29F0 /* EventTableViewCell.swift in Sources */,
				92442D3B1BE4BD86005B29F0 /* Color.swift in Sources */,
				92442D4A1BE4C1D1005B29F0 /* UCRoundedView.m in Sources */,
				9204068C1BE4B12500B5D337 /* FriendsViewController.swift in Sources */,
				92442D411BE4BE7B005B29F0 /* BaseNavigationController.swift in Sources */,
				92F0A8911BE4EE2300EFCBFD /* EventNameFieldTableViewCell.swift in Sources */,
				92F0A8AD1BE4FE3100EFCBFD /* ActionSheetStringPicker.m in Sources */,
				920406881BE4B12500B5D337 /* AppDelegate.swift in Sources */,
				920406A31BE4B33F00B5D337 /* AZTabBarController.swift in Sources */,
				9204068A1BE4B12500B5D337 /* CalendarViewController.swift in Sources */,
				8258B2C91BE4B3F3001685E1 /* SocialNetworksAuthViewController.swift in Sources */,
				92F0A8AF1BE4FE3100EFCBFD /* SWActionSheet.m in Sources */,
				92F0A8C01BE514F600EFCBFD /* LocationSearchResultsViewController.swift in Sources */,
				92F0A8AE1BE4FE3100EFCBFD /* DistancePickerView.m in Sources */,
				92F0A8A71BE4FE3100EFCBFD /* AbstractActionSheetPicker.m in Sources */,
				92F0A88C1BE4DB8F00EFCBFD /* TAWindowShower.swift in Sources */,
				92F0A8C61BE51B3F00EFCBFD /* InfinityScrollDayItem.swift in Sources */,
				92F0A8841BE4CBA900EFCBFD /* FrindEventTableViewCell.swift in Sources */,
				92F0A8A81BE4FE3100EFCBFD /* ActionSheetCustomPicker.m in Sources */,
				92F0A8871BE4D25D00EFCBFD /* FriendEventTimeHeaderFooterView.swift in Sources */,
				92F71DE51BE4BA9C0087E969 /* SettingsViewController.swift in Sources */,
				92F0A8AA1BE4FE3100EFCBFD /* ActionSheetDistancePicker.m in Sources */,
				92F0A88F1BE4EE1300EFCBFD /* EventFieldTableViewCell.swift in Sources */,
			);
			runOnlyForDeploymentPostprocessing = 0;
		};
/* End PBXSourcesBuildPhase section */

/* Begin PBXVariantGroup section */
		9204068D1BE4B12500B5D337 /* Main.storyboard */ = {
			isa = PBXVariantGroup;
			children = (
				9204068E1BE4B12500B5D337 /* Base */,
			);
			name = Main.storyboard;
			sourceTree = "<group>";
		};
		920406921BE4B12500B5D337 /* LaunchScreen.storyboard */ = {
			isa = PBXVariantGroup;
			children = (
				920406931BE4B12500B5D337 /* Base */,
			);
			name = LaunchScreen.storyboard;
			sourceTree = "<group>";
		};
/* End PBXVariantGroup section */

/* Begin XCBuildConfiguration section */
		920406961BE4B12500B5D337 /* Debug */ = {
			isa = XCBuildConfiguration;
			buildSettings = {
				ALWAYS_SEARCH_USER_PATHS = NO;
				CLANG_CXX_LANGUAGE_STANDARD = "gnu++0x";
				CLANG_CXX_LIBRARY = "libc++";
				CLANG_ENABLE_MODULES = YES;
				CLANG_ENABLE_OBJC_ARC = YES;
				CLANG_WARN_BOOL_CONVERSION = YES;
				CLANG_WARN_CONSTANT_CONVERSION = YES;
				CLANG_WARN_DIRECT_OBJC_ISA_USAGE = YES_ERROR;
				CLANG_WARN_EMPTY_BODY = YES;
				CLANG_WARN_ENUM_CONVERSION = YES;
				CLANG_WARN_INT_CONVERSION = YES;
				CLANG_WARN_OBJC_ROOT_CLASS = YES_ERROR;
				CLANG_WARN_UNREACHABLE_CODE = YES;
				CLANG_WARN__DUPLICATE_METHOD_MATCH = YES;
				"CODE_SIGN_IDENTITY[sdk=iphoneos*]" = "iPhone Developer";
				COPY_PHASE_STRIP = NO;
				DEBUG_INFORMATION_FORMAT = dwarf;
				ENABLE_STRICT_OBJC_MSGSEND = YES;
				ENABLE_TESTABILITY = YES;
				GCC_C_LANGUAGE_STANDARD = gnu99;
				GCC_DYNAMIC_NO_PIC = NO;
				GCC_NO_COMMON_BLOCKS = YES;
				GCC_OPTIMIZATION_LEVEL = 0;
				GCC_PREPROCESSOR_DEFINITIONS = (
					"DEBUG=1",
					"$(inherited)",
				);
				GCC_WARN_64_TO_32_BIT_CONVERSION = YES;
				GCC_WARN_ABOUT_RETURN_TYPE = YES_ERROR;
				GCC_WARN_UNDECLARED_SELECTOR = YES;
				GCC_WARN_UNINITIALIZED_AUTOS = YES_AGGRESSIVE;
				GCC_WARN_UNUSED_FUNCTION = YES;
				GCC_WARN_UNUSED_VARIABLE = YES;
				IPHONEOS_DEPLOYMENT_TARGET = 9.1;
				MTL_ENABLE_DEBUG_INFO = YES;
				ONLY_ACTIVE_ARCH = YES;
				SDKROOT = iphoneos;
				SWIFT_OPTIMIZATION_LEVEL = "-Onone";
			};
			name = Debug;
		};
		920406971BE4B12500B5D337 /* Release */ = {
			isa = XCBuildConfiguration;
			buildSettings = {
				ALWAYS_SEARCH_USER_PATHS = NO;
				CLANG_CXX_LANGUAGE_STANDARD = "gnu++0x";
				CLANG_CXX_LIBRARY = "libc++";
				CLANG_ENABLE_MODULES = YES;
				CLANG_ENABLE_OBJC_ARC = YES;
				CLANG_WARN_BOOL_CONVERSION = YES;
				CLANG_WARN_CONSTANT_CONVERSION = YES;
				CLANG_WARN_DIRECT_OBJC_ISA_USAGE = YES_ERROR;
				CLANG_WARN_EMPTY_BODY = YES;
				CLANG_WARN_ENUM_CONVERSION = YES;
				CLANG_WARN_INT_CONVERSION = YES;
				CLANG_WARN_OBJC_ROOT_CLASS = YES_ERROR;
				CLANG_WARN_UNREACHABLE_CODE = YES;
				CLANG_WARN__DUPLICATE_METHOD_MATCH = YES;
				"CODE_SIGN_IDENTITY[sdk=iphoneos*]" = "iPhone Developer";
				COPY_PHASE_STRIP = NO;
				DEBUG_INFORMATION_FORMAT = "dwarf-with-dsym";
				ENABLE_NS_ASSERTIONS = NO;
				ENABLE_STRICT_OBJC_MSGSEND = YES;
				GCC_C_LANGUAGE_STANDARD = gnu99;
				GCC_NO_COMMON_BLOCKS = YES;
				GCC_WARN_64_TO_32_BIT_CONVERSION = YES;
				GCC_WARN_ABOUT_RETURN_TYPE = YES_ERROR;
				GCC_WARN_UNDECLARED_SELECTOR = YES;
				GCC_WARN_UNINITIALIZED_AUTOS = YES_AGGRESSIVE;
				GCC_WARN_UNUSED_FUNCTION = YES;
				GCC_WARN_UNUSED_VARIABLE = YES;
				IPHONEOS_DEPLOYMENT_TARGET = 9.1;
				MTL_ENABLE_DEBUG_INFO = NO;
				SDKROOT = iphoneos;
				VALIDATE_PRODUCT = YES;
			};
			name = Release;
		};
		920406991BE4B12500B5D337 /* Debug */ = {
			isa = XCBuildConfiguration;
			baseConfigurationReference = 26EB6B92B1AD7C6ADE159BEC /* Pods.debug.xcconfig */;
			buildSettings = {
				ASSETCATALOG_COMPILER_APPICON_NAME = AppIcon;
				CLANG_ENABLE_MODULES = YES;
				FRAMEWORK_SEARCH_PATHS = (
					"$(inherited)",
					"$(PROJECT_DIR)/Brie/vk-ios-sdk-master",
				);
				INFOPLIST_FILE = Brie/Info.plist;
				IPHONEOS_DEPLOYMENT_TARGET = 9.0;
				LD_RUNPATH_SEARCH_PATHS = "$(inherited) @executable_path/Frameworks";
				PRODUCT_BUNDLE_IDENTIFIER = com.700km.Brie;
				PRODUCT_NAME = "$(TARGET_NAME)";
				SWIFT_OBJC_BRIDGING_HEADER = "Brie/Brie-Bridging-Header.h";
				SWIFT_OPTIMIZATION_LEVEL = "-Onone";
			};
			name = Debug;
		};
		9204069A1BE4B12500B5D337 /* Release */ = {
			isa = XCBuildConfiguration;
			baseConfigurationReference = 7951E9A9D4C5487622B98E88 /* Pods.release.xcconfig */;
			buildSettings = {
				ASSETCATALOG_COMPILER_APPICON_NAME = AppIcon;
				CLANG_ENABLE_MODULES = YES;
				FRAMEWORK_SEARCH_PATHS = (
					"$(inherited)",
					"$(PROJECT_DIR)/Brie/vk-ios-sdk-master",
				);
				INFOPLIST_FILE = Brie/Info.plist;
				IPHONEOS_DEPLOYMENT_TARGET = 9.0;
				LD_RUNPATH_SEARCH_PATHS = "$(inherited) @executable_path/Frameworks";
				PRODUCT_BUNDLE_IDENTIFIER = com.700km.Brie;
				PRODUCT_NAME = "$(TARGET_NAME)";
				SWIFT_OBJC_BRIDGING_HEADER = "Brie/Brie-Bridging-Header.h";
			};
			name = Release;
		};
/* End XCBuildConfiguration section */

/* Begin XCConfigurationList section */
		9204067F1BE4B12500B5D337 /* Build configuration list for PBXProject "Brie" */ = {
			isa = XCConfigurationList;
			buildConfigurations = (
				920406961BE4B12500B5D337 /* Debug */,
				920406971BE4B12500B5D337 /* Release */,
			);
			defaultConfigurationIsVisible = 0;
			defaultConfigurationName = Release;
		};
		920406981BE4B12500B5D337 /* Build configuration list for PBXNativeTarget "Brie" */ = {
			isa = XCConfigurationList;
			buildConfigurations = (
				920406991BE4B12500B5D337 /* Debug */,
				9204069A1BE4B12500B5D337 /* Release */,
			);
			defaultConfigurationIsVisible = 0;
			defaultConfigurationName = Release;
		};
/* End XCConfigurationList section */
	};
	rootObject = 9204067C1BE4B12500B5D337 /* Project object */;
}
